
Microsoft Visual Studio Solution File, Format Version 12.00
# Visual Studio Version 16
VisualStudioVersion = 16.0.30517.126
MinimumVisualStudioVersion = 10.0.40219.1
Project("{9A19103F-16F7-4668-BE54-9A1E7A4F7556}") = "ChaosCalc", "ChaosCalc.csproj", "{A8BE8E34-301B-47FB-A967-22D54F29200B}"
EndProject
Global
	GlobalSection(SolutionConfigurationPlatforms) = preSolution
		Debug|Any CPU = Debug|Any CPU
		Release|Any CPU = Release|Any CPU
	EndGlobalSection
	GlobalSection(ProjectConfigurationPlatforms) = postSolution
		{A8BE8E34-301B-47FB-A967-22D54F29200B}.Debug|Any CPU.ActiveCfg = Debug|Any CPU
		{A8BE8E34-301B-47FB-A967-22D54F29200B}.Debug|Any CPU.Build.0 = Debug|Any CPU
		{A8BE8E34-301B-47FB-A967-22D54F29200B}.Release|Any CPU.ActiveCfg = Release|Any CPU
		{A8BE8E34-301B-47FB-A967-22D54F29200B}.Release|Any CPU.Build.0 = Release|Any CPU
	EndGlobalSection
	GlobalSection(SolutionProperties) = preSolution
		HideSolutionNode = FALSE
	EndGlobalSection
	GlobalSection(ExtensibilityGlobals) = postSolution
		SolutionGuid = {838A9765-07F4-49F1-81E1-F3409321C927}
	EndGlobalSection
EndGlobal
